
Microsoft Visual Studio Solution File, Format Version 12.00
# Visual Studio 15
VisualStudioVersion = 15.0.28307.757
MinimumVisualStudioVersion = 10.0.40219.1
Project("{FAE04EC0-301F-11D3-BF4B-00C04F79EFBC}") = "ScriptEditorExample", "ScriptEditorExample.csproj", "{B72B429C-BEA7-4040-9605-4A4C6353598F}"
EndProject
Global
	GlobalSection(SolutionConfigurationPlatforms) = preSolution
		Debug|Any CPU = Debug|Any CPU
		Release|Any CPU = Release|Any CPU
	EndGlobalSection
	GlobalSection(ProjectConfigurationPlatforms) = postSolution
		{B72B429C-BEA7-4040-9605-4A4C6353598F}.Debug|Any CPU.ActiveCfg = Debug|Any CPU
		{B72B429C-BEA7-4040-9605-4A4C6353598F}.Debug|Any CPU.Build.0 = Debug|Any CPU
		{B72B429C-BEA7-4040-9605-4A4C6353598F}.Release|Any CPU.ActiveCfg = Release|Any CPU
		{B72B429C-BEA7-4040-9605-4A4C6353598F}.Release|Any CPU.Build.0 = Release|Any CPU
		EndGlobalSection
	GlobalSection(SolutionProperties) = preSolution
		HideSolutionNode = FALSE
	EndGlobalSection
	GlobalSection(ExtensibilityGlobals) = postSolution
		SolutionGuid = {95015F74-80E5-41AB-9BD6-52B6C2171727}
	EndGlobalSection
EndGlobal
